<?xml version="1.0" encoding="utf-8"?>
<Project ToolsVersion="4.0" xmlns="http://schemas.microsoft.com/developer/msbuild/2003">
  <ItemGroup>
    <Filter Include="源文件">
      <UniqueIdentifier>{4FC737F1-C7A5-4376-A066-2A32D752A2FF}</UniqueIdentifier>
      <Extensions>cpp;c;cc;cxx;def;odl;idl;hpj;bat;asm;asmx</Extensions>
    </Filter>
    <Filter Include="头文件">
      <UniqueIdentifier>{93995380-89BD-4b04-88EB-625FBE52EBFB}</UniqueIdentifier>
      <Extensions>h;hpp;hxx;hm;inl;inc;xsd</Extensions>
    </Filter>
    <Filter Include="资源文件">
      <UniqueIdentifier>{67DA6AB6-F800-4c08-8B7A-83BB121AAD01}</UniqueIdentifier>
      <Extensions>rc;ico;cur;bmp;dlg;rc2;rct;bin;rgs;gif;jpg;jpeg;jpe;resx;tiff;tif;png;wav</Extensions>
    </Filter>
    <Filter Include="ogg">
      <UniqueIdentifier>{30609b26-dc7e-400c-a194-7661da797e93}</UniqueIdentifier>
    </Filter>
    <Filter Include="SDL">
      <UniqueIdentifier>{0d2bc038-56b6-4df8-88d7-104f26b86389}</UniqueIdentifier>
    </Filter>
  </ItemGroup>
  <ItemGroup>
    <ClCompile Include="Src\Font.cpp">
      <Filter>源文件</Filter>
    </ClCompile>
    <ClCompile Include="Src\game.cpp">
      <Filter>源文件</Filter>
    </ClCompile>
    <ClCompile Include="Src\global.cpp">
      <Filter>源文件</Filter>
    </ClCompile>
    <ClCompile Include="Src\Input.cpp">
      <Filter>源文件</Filter>
    </ClCompile>
    <ClCompile Include="Src\JYCommon.cpp">
      <Filter>源文件</Filter>
    </ClCompile>
    <ClCompile Include="Src\Main.cpp">
      <Filter>源文件</Filter>
    </ClCompile>
    <ClCompile Include="Src\OggPlay.cpp">
      <Filter>源文件</Filter>
    </ClCompile>
    <ClCompile Include="Src\PicCache.cpp">
      <Filter>源文件</Filter>
    </ClCompile>
    <ClCompile Include="Src\Play.cpp">
      <Filter>源文件</Filter>
    </ClCompile>
    <ClCompile Include="Src\Scene.cpp">
      <Filter>源文件</Filter>
    </ClCompile>
    <ClCompile Include="Src\Script.cpp">
      <Filter>源文件</Filter>
    </ClCompile>
    <ClCompile Include="SdlJYApp.cpp">
      <Filter>源文件</Filter>
    </ClCompile>
    <ClCompile Include="Src\Sound.cpp">
      <Filter>源文件</Filter>
    </ClCompile>
    <ClCompile Include="Src\uigame.cpp">
      <Filter>源文件</Filter>
    </ClCompile>
    <ClCompile Include="Src\Util.cpp">
      <Filter>源文件</Filter>
    </ClCompile>
    <ClCompile Include="Src\Video.cpp">
      <Filter>源文件</Filter>
    </ClCompile>
    <ClCompile Include="ogg\bitwise.c">
      <Filter>ogg</Filter>
    </ClCompile>
    <ClCompile Include="ogg\codebook.c">
      <Filter>ogg</Filter>
    </ClCompile>
    <ClCompile Include="ogg\dsp.c">
      <Filter>ogg</Filter>
    </ClCompile>
    <ClCompile Include="ogg\floor0.c">
      <Filter>ogg</Filter>
    </ClCompile>
    <ClCompile Include="ogg\floor1.c">
      <Filter>ogg</Filter>
    </ClCompile>
    <ClCompile Include="ogg\floor_lookup.c">
      <Filter>ogg</Filter>
    </ClCompile>
    <ClCompile Include="ogg\framing.c">
      <Filter>ogg</Filter>
    </ClCompile>
    <ClCompile Include="ogg\info.c">
      <Filter>ogg</Filter>
    </ClCompile>
    <ClCompile Include="ogg\ivorbisfile_example.c">
      <Filter>ogg</Filter>
    </ClCompile>
    <ClCompile Include="ogg\mapping0.c">
      <Filter>ogg</Filter>
    </ClCompile>
    <ClCompile Include="ogg\mdct.c">
      <Filter>ogg</Filter>
    </ClCompile>
    <ClCompile Include="ogg\misc.c">
      <Filter>ogg</Filter>
    </ClCompile>
    <ClCompile Include="ogg\res012.c">
      <Filter>ogg</Filter>
    </ClCompile>
    <ClCompile Include="ogg\vorbisfile.c">
      <Filter>ogg</Filter>
    </ClCompile>
  </ItemGroup>
  <ItemGroup>
    <ClInclude Include="Src\Ascii.h">
      <Filter>头文件</Filter>
    </ClInclude>
    <ClInclude Include="Src\common.h">
      <Filter>头文件</Filter>
    </ClInclude>
    <ClInclude Include="Src\Font.h">
      <Filter>头文件</Filter>
    </ClInclude>
    <ClInclude Include="Src\game.h">
      <Filter>头文件</Filter>
    </ClInclude>
    <ClInclude Include="Src\global.h">
      <Filter>头文件</Filter>
    </ClInclude>
    <ClInclude Include="Src\Input.h">
      <Filter>头文件</Filter>
    </ClInclude>
    <ClInclude Include="Src\JYCommon.h">
      <Filter>头文件</Filter>
    </ClInclude>
    <ClInclude Include="Src\List.h">
      <Filter>头文件</Filter>
    </ClInclude>
    <ClInclude Include="Src\Main.h">
      <Filter>头文件</Filter>
    </ClInclude>
    <ClInclude Include="Src\OggPlay.h">
      <Filter>头文件</Filter>
    </ClInclude>
    <ClInclude Include="Src\PicCache.h">
      <Filter>头文件</Filter>
    </ClInclude>
    <ClInclude Include="Src\Play.h">
      <Filter>头文件</Filter>
    </ClInclude>
    <ClInclude Include="resource.h">
      <Filter>头文件</Filter>
    </ClInclude>
    <ClInclude Include="Src\Scene.h">
      <Filter>头文件</Filter>
    </ClInclude>
    <ClInclude Include="Src\Script.h">
      <Filter>头文件</Filter>
    </ClInclude>
    <ClInclude Include="Src\Sound.h">
      <Filter>头文件</Filter>
    </ClInclude>
    <ClInclude Include="Src\uigame.h">
      <Filter>头文件</Filter>
    </ClInclude>
    <ClInclude Include="Src\Util.h">
      <Filter>头文件</Filter>
    </ClInclude>
    <ClInclude Include="Src\Video.h">
      <Filter>头文件</Filter>
    </ClInclude>
    <ClInclude Include="SDL\begin_code.h">
      <Filter>SDL</Filter>
    </ClInclude>
    <ClInclude Include="SDL\close_code.h">
      <Filter>SDL</Filter>
    </ClInclude>
    <ClInclude Include="crtdbg.h">
      <Filter>SDL</Filter>
    </ClInclude>
    <ClInclude Include="SDL\native_midi.h">
      <Filter>SDL</Filter>
    </ClInclude>
    <ClInclude Include="SDL\SDL.h">
      <Filter>SDL</Filter>
    </ClInclude>
    <ClInclude Include="SDL\SDL_active.h">
      <Filter>SDL</Filter>
    </ClInclude>
    <ClInclude Include="SDL\SDL_audio.h">
      <Filter>SDL</Filter>
    </ClInclude>
    <ClInclude Include="SDL\SDL_byteorder.h">
      <Filter>SDL</Filter>
    </ClInclude>
    <ClInclude Include="SDL\SDL_cdrom.h">
      <Filter>SDL</Filter>
    </ClInclude>
    <ClInclude Include="SDL\SDL_config.h">
      <Filter>SDL</Filter>
    </ClInclude>
    <ClInclude Include="SDL\SDL_config_amiga.h">
      <Filter>SDL</Filter>
    </ClInclude>
    <ClInclude Include="SDL\SDL_config_dreamcast.h">
      <Filter>SDL</Filter>
    </ClInclude>
    <ClInclude Include="SDL\SDL_config_macos.h">
      <Filter>SDL</Filter>
    </ClInclude>
    <ClInclude Include="SDL\SDL_config_macosx.h">
      <Filter>SDL</Filter>
    </ClInclude>
    <ClInclude Include="SDL\SDL_config_minimal.h">
      <Filter>SDL</Filter>
    </ClInclude>
    <ClInclude Include="SDL\SDL_config_nds.h">
      <Filter>SDL</Filter>
    </ClInclude>
    <ClInclude Include="SDL\SDL_config_os2.h">
      <Filter>SDL</Filter>
    </ClInclude>
    <ClInclude Include="SDL\SDL_config_symbian.h">
      <Filter>SDL</Filter>
    </ClInclude>
    <ClInclude Include="SDL\SDL_config_win32.h">
      <Filter>SDL</Filter>
    </ClInclude>
    <ClInclude Include="SDL\SDL_copying.h">
      <Filter>SDL</Filter>
    </ClInclude>
    <ClInclude Include="SDL\SDL_cpuinfo.h">
      <Filter>SDL</Filter>
    </ClInclude>
    <ClInclude Include="SDL\SDL_draw.h">
      <Filter>SDL</Filter>
    </ClInclude>
    <ClInclude Include="SDL\SDL_endian.h">
      <Filter>SDL</Filter>
    </ClInclude>
    <ClInclude Include="SDL\SDL_error.h">
      <Filter>SDL</Filter>
    </ClInclude>
    <ClInclude Include="SDL\SDL_events.h">
      <Filter>SDL</Filter>
    </ClInclude>
    <ClInclude Include="SDL\SDL_getenv.h">
      <Filter>SDL</Filter>
    </ClInclude>
    <ClInclude Include="SDL\SDL_gfxBlitFunc.h">
      <Filter>SDL</Filter>
    </ClInclude>
    <ClInclude Include="SDL\SDL_gfxPrimitives.h">
      <Filter>SDL</Filter>
    </ClInclude>
    <ClInclude Include="SDL\SDL_gfxPrimitives_font.h">
      <Filter>SDL</Filter>
    </ClInclude>
    <ClInclude Include="SDL\SDL_image.h">
      <Filter>SDL</Filter>
    </ClInclude>
    <ClInclude Include="SDL\SDL_imageFilter.h">
      <Filter>SDL</Filter>
    </ClInclude>
    <ClInclude Include="SDL\SDL_joystick.h">
      <Filter>SDL</Filter>
    </ClInclude>
    <ClInclude Include="SDL\SDL_keyboard.h">
      <Filter>SDL</Filter>
    </ClInclude>
    <ClInclude Include="SDL\SDL_keysym.h">
      <Filter>SDL</Filter>
    </ClInclude>
    <ClInclude Include="SDL\SDL_loadso.h">
      <Filter>SDL</Filter>
    </ClInclude>
    <ClInclude Include="SDL\SDL_main.h">
      <Filter>SDL</Filter>
    </ClInclude>
    <ClInclude Include="SDL\SDL_mixer.h">
      <Filter>SDL</Filter>
    </ClInclude>
    <ClInclude Include="SDL\SDL_mouse.h">
      <Filter>SDL</Filter>
    </ClInclude>
    <ClInclude Include="SDL\SDL_mutex.h">
      <Filter>SDL</Filter>
    </ClInclude>
    <ClInclude Include="SDL\SDL_name.h">
      <Filter>SDL</Filter>
    </ClInclude>
    <ClInclude Include="SDL\SDL_opengl.h">
      <Filter>SDL</Filter>
    </ClInclude>
    <ClInclude Include="SDL\SDL_platform.h">
      <Filter>SDL</Filter>
    </ClInclude>
    <ClInclude Include="SDL\SDL_quit.h">
      <Filter>SDL</Filter>
    </ClInclude>
    <ClInclude Include="SDL\SDL_rotozoom.h">
      <Filter>SDL</Filter>
    </ClInclude>
    <ClInclude Include="SDL\SDL_rwops.h">
      <Filter>SDL</Filter>
    </ClInclude>
    <ClInclude Include="SDL\SDL_stdinc.h">
      <Filter>SDL</Filter>
    </ClInclude>
    <ClInclude Include="SDL\SDL_syswm.h">
      <Filter>SDL</Filter>
    </ClInclude>
    <ClInclude Include="SDL\SDL_thread.h">
      <Filter>SDL</Filter>
    </ClInclude>
    <ClInclude Include="SDL\SDL_timer.h">
      <Filter>SDL</Filter>
    </ClInclude>
    <ClInclude Include="SDL\SDL_ttf.h">
      <Filter>SDL</Filter>
    </ClInclude>
    <ClInclude Include="SDL\SDL_types.h">
      <Filter>SDL</Filter>
    </ClInclude>
    <ClInclude Include="SDL\SDL_version.h">
      <Filter>SDL</Filter>
    </ClInclude>
    <ClInclude Include="SDL\SDL_video.h">
      <Filter>SDL</Filter>
    </ClInclude>
    <ClInclude Include="SDL\timidity.h">
      <Filter>SDL</Filter>
    </ClInclude>
  </ItemGroup>
  <ItemGroup>
    <Image Include="JyForPPC.ico">
      <Filter>资源文件</Filter>
    </Image>
  </ItemGroup>
  <ItemGroup>
    <ResourceCompile Include="JYForPPC.rc">
      <Filter>资源文件</Filter>
    </ResourceCompile>
  </ItemGroup>
</Project>